
Microsoft Visual Studio Solution File, Format Version 12.00
# Visual Studio Version 16
VisualStudioVersion = 16.0.30413.136
MinimumVisualStudioVersion = 10.0.40219.1
Project("{FAE04EC0-301F-11D3-BF4B-00C04F79EFBC}") = "HT Engine", "HT Engine.csproj", "{FE5EA7FF-3921-4BF8-8197-BE1F8910FF78}"
EndProject
Project("{FAE04EC0-301F-11D3-BF4B-00C04F79EFBC}") = "AdventureBoi", "..\AdventureBoi\AdventureBoi.csproj", "{63FE0C96-3E76-4F97-BBCC-7AFF3C674808}"
EndProject
Global
	GlobalSection(SolutionConfigurationPlatforms) = preSolution
		Debug|Any CPU = Debug|Any CPU
		Release|Any CPU = Release|Any CPU
	EndGlobalSection
	GlobalSection(ProjectConfigurationPlatforms) = postSolution
		{FE5EA7FF-3921-4BF8-8197-BE1F8910FF78}.Debug|Any CPU.ActiveCfg = Debug|Any CPU
		{FE5EA7FF-3921-4BF8-8197-BE1F8910FF78}.Debug|Any CPU.Build.0 = Debug|Any CPU
		{FE5EA7FF-3921-4BF8-8197-BE1F8910FF78}.Release|Any CPU.ActiveCfg = Release|Any CPU
		{FE5EA7FF-3921-4BF8-8197-BE1F8910FF78}.Release|Any CPU.Build.0 = Release|Any CPU
		{63FE0C96-3E76-4F97-BBCC-7AFF3C674808}.Debug|Any CPU.ActiveCfg = Debug|Any CPU
		{63FE0C96-3E76-4F97-BBCC-7AFF3C674808}.Debug|Any CPU.Build.0 = Debug|Any CPU
		{63FE0C96-3E76-4F97-BBCC-7AFF3C674808}.Release|Any CPU.ActiveCfg = Release|Any CPU
		{63FE0C96-3E76-4F97-BBCC-7AFF3C674808}.Release|Any CPU.Build.0 = Release|Any CPU
	EndGlobalSection
	GlobalSection(SolutionProperties) = preSolution
		HideSolutionNode = FALSE
	EndGlobalSection
	GlobalSection(ExtensibilityGlobals) = postSolution
		SolutionGuid = {62AD10B6-F61B-493B-97B4-3EEB925B8B86}
	EndGlobalSection
EndGlobal
